// !$*UTF8*$!
{
	archiveVersion = 1;
	classes = {
	};
	objectVersion = 50;
	objects = {

/* Begin PBXBuildFile section */
		18180EB221DCE85000A52AC2 /* AppDelegate.swift in Sources */ = {isa = PBXBuildFile; fileRef = 18180EB121DCE85000A52AC2 /* AppDelegate.swift */; };
		18180EB421DCE85000A52AC2 /* ViewController.swift in Sources */ = {isa = PBXBuildFile; fileRef = 18180EB321DCE85000A52AC2 /* ViewController.swift */; };
		18180EB721DCE85000A52AC2 /* Main.storyboard in Resources */ = {isa = PBXBuildFile; fileRef = 18180EB521DCE85000A52AC2 /* Main.storyboard */; };
		18180EB921DCE85100A52AC2 /* Assets.xcassets in Resources */ = {isa = PBXBuildFile; fileRef = 18180EB821DCE85100A52AC2 /* Assets.xcassets */; };
		18180EBC21DCE85100A52AC2 /* LaunchScreen.storyboard in Resources */ = {isa = PBXBuildFile; fileRef = 18180EBA21DCE85100A52AC2 /* LaunchScreen.storyboard */; };
		1818B1EA21E0EB0B006E1B39 /* LoginViewController.swift in Sources */ = {isa = PBXBuildFile; fileRef = 1818B1E921E0EB0B006E1B39 /* LoginViewController.swift */; };
		1818B1EE21E0EDB2006E1B39 /* DayPosterBlackNF.ttf in Resources */ = {isa = PBXBuildFile; fileRef = 1818B1ED21E0EDB2006E1B39 /* DayPosterBlackNF.ttf */; };
		1818B1F021E0F903006E1B39 /* RegisterViewController.swift in Sources */ = {isa = PBXBuildFile; fileRef = 1818B1EF21E0F903006E1B39 /* RegisterViewController.swift */; };
		1818B1F421E1079D006E1B39 /* WallTableViewController.swift in Sources */ = {isa = PBXBuildFile; fileRef = 1818B1F321E1079D006E1B39 /* WallTableViewController.swift */; };
		181DB11221E5E42200E01FDA /* PickerViewController.swift in Sources */ = {isa = PBXBuildFile; fileRef = 181DB11121E5E42200E01FDA /* PickerViewController.swift */; };
		18393D0421E7BB310031384B /* AddPostInfoViewController.swift in Sources */ = {isa = PBXBuildFile; fileRef = 18393D0321E7BB310031384B /* AddPostInfoViewController.swift */; };
		18393D0B21E7D0F60031384B /* Protocols.swift in Sources */ = {isa = PBXBuildFile; fileRef = 18393D0A21E7D0F60031384B /* Protocols.swift */; };
		18393D0D21E8FD9B0031384B /* RanksAndComViewController.swift in Sources */ = {isa = PBXBuildFile; fileRef = 18393D0C21E8FD9B0031384B /* RanksAndComViewController.swift */; };
		184DF82521E9E2FF00118DE0 /* MyProfileViewController.swift in Sources */ = {isa = PBXBuildFile; fileRef = 184DF82421E9E2FF00118DE0 /* MyProfileViewController.swift */; };
		184DF82721E9E42C00118DE0 /* PostCollectionViewCell.swift in Sources */ = {isa = PBXBuildFile; fileRef = 184DF82621E9E42C00118DE0 /* PostCollectionViewCell.swift */; };
		1855CD7A21E63EB50055FA4A /* pfennigbolditalic-webfont.ttf in Resources */ = {isa = PBXBuildFile; fileRef = 1855CD7621E63EB50055FA4A /* pfennigbolditalic-webfont.ttf */; };
		1855CD7B21E63EB50055FA4A /* pfennigitalic-webfont.ttf in Resources */ = {isa = PBXBuildFile; fileRef = 1855CD7721E63EB50055FA4A /* pfennigitalic-webfont.ttf */; };
		1855CD7C21E63EB50055FA4A /* pfennig-webfont.ttf in Resources */ = {isa = PBXBuildFile; fileRef = 1855CD7821E63EB50055FA4A /* pfennig-webfont.ttf */; };
		1855CD7D21E63EB50055FA4A /* pfennigbold-webfont.ttf in Resources */ = {isa = PBXBuildFile; fileRef = 1855CD7921E63EB50055FA4A /* pfennigbold-webfont.ttf */; };
		18AC333A22357EFB0059C4F6 /* EditProfileViewController.swift in Sources */ = {isa = PBXBuildFile; fileRef = 18AC333922357EFB0059C4F6 /* EditProfileViewController.swift */; };
		18BD98B02236D7E100250EB8 /* SearchViewController.swift in Sources */ = {isa = PBXBuildFile; fileRef = 18BD98AF2236D7E100250EB8 /* SearchViewController.swift */; };
		18BD98B22236DAA800250EB8 /* SearchTableViewCell.swift in Sources */ = {isa = PBXBuildFile; fileRef = 18BD98B12236DAA800250EB8 /* SearchTableViewCell.swift */; };
		18BD98B42236DE2300250EB8 /* searchTypeCollectionViewCell.swift in Sources */ = {isa = PBXBuildFile; fileRef = 18BD98B32236DE2300250EB8 /* searchTypeCollectionViewCell.swift */; };
		18CE848821E33DE000B9BA55 /* UploadViewController.swift in Sources */ = {isa = PBXBuildFile; fileRef = 18CE848721E33DE000B9BA55 /* UploadViewController.swift */; };
		18CE848A21E3994200B9BA55 /* GoogleService-Info.plist in Resources */ = {isa = PBXBuildFile; fileRef = 18CE848921E3994200B9BA55 /* GoogleService-Info.plist */; };
		18CE848C21E39EA300B9BA55 /* Model.swift in Sources */ = {isa = PBXBuildFile; fileRef = 18CE848B21E39EA300B9BA55 /* Model.swift */; };
		18CE848F21E3AA0800B9BA55 /* SimpleAlert.swift in Sources */ = {isa = PBXBuildFile; fileRef = 18CE848E21E3AA0800B9BA55 /* SimpleAlert.swift */; };
		18CE849121E3C22F00B9BA55 /* Permissions.swift in Sources */ = {isa = PBXBuildFile; fileRef = 18CE849021E3C22F00B9BA55 /* Permissions.swift */; };
		18CE849321E3C37E00B9BA55 /* PhotosStaticData.swift in Sources */ = {isa = PBXBuildFile; fileRef = 18CE849221E3C37E00B9BA55 /* PhotosStaticData.swift */; };
		18CE849521E3E3F300B9BA55 /* Utility.swift in Sources */ = {isa = PBXBuildFile; fileRef = 18CE849421E3E3F300B9BA55 /* Utility.swift */; };
		18EC370021E5020700709CFF /* WallTableViewCell.swift in Sources */ = {isa = PBXBuildFile; fileRef = 18EC36FF21E5020700709CFF /* WallTableViewCell.swift */; };
		18EC370221E509CC00709CFF /* CommentsTableViewCell.swift in Sources */ = {isa = PBXBuildFile; fileRef = 18EC370121E509CC00709CFF /* CommentsTableViewCell.swift */; };
		18EC370421E51D1400709CFF /* FullScreenImageViewController.swift in Sources */ = {isa = PBXBuildFile; fileRef = 18EC370321E51D1400709CFF /* FullScreenImageViewController.swift */; };
		9DF3D323B19DBD44E6EB2F0E /* Pods_GoldenHour.framework in Frameworks */ = {isa = PBXBuildFile; fileRef = 169D2262327799BD2CDAA4FF /* Pods_GoldenHour.framework */; };
		A821CF8921EA987900308AA3 /* CacheHandler.swift in Sources */ = {isa = PBXBuildFile; fileRef = A821CF8821EA987900308AA3 /* CacheHandler.swift */; };
		A821CF8B21EA9DF800308AA3 /* CacheFactory.swift in Sources */ = {isa = PBXBuildFile; fileRef = A821CF8A21EA9DF800308AA3 /* CacheFactory.swift */; };
		A821CF8D21ECCA5B00308AA3 /* UserCache.swift in Sources */ = {isa = PBXBuildFile; fileRef = A821CF8C21ECCA5B00308AA3 /* UserCache.swift */; };
		A821CF8F21ECCAB100308AA3 /* PostCache.swift in Sources */ = {isa = PBXBuildFile; fileRef = A821CF8E21ECCAB100308AA3 /* PostCache.swift */; };
		A824166121DD204900131C0E /* User.swift in Sources */ = {isa = PBXBuildFile; fileRef = A824166021DD204900131C0E /* User.swift */; };
		A824166421DD4C4500131C0E /* Post.swift in Sources */ = {isa = PBXBuildFile; fileRef = A824166321DD4C4500131C0E /* Post.swift */; };
		A824166621DD4DF700131C0E /* Comment.swift in Sources */ = {isa = PBXBuildFile; fileRef = A824166521DD4DF700131C0E /* Comment.swift */; };
		A824166821DD746000131C0E /* Like.swift in Sources */ = {isa = PBXBuildFile; fileRef = A824166721DD746000131C0E /* Like.swift */; };
		A824166A21DE692C00131C0E /* Metadata.swift in Sources */ = {isa = PBXBuildFile; fileRef = A824166921DE692C00131C0E /* Metadata.swift */; };
		A8D84D3521E222A600A245A1 /* ModelSql.swift in Sources */ = {isa = PBXBuildFile; fileRef = A8D84D3421E222A600A245A1 /* ModelSql.swift */; };
		A8FA9FA521E1FCF8008482B6 /* ModelFirebase.swift in Sources */ = {isa = PBXBuildFile; fileRef = A8FA9FA421E1FCF8008482B6 /* ModelFirebase.swift */; };
/* End PBXBuildFile section */

/* Begin PBXFileReference section */
		169D2262327799BD2CDAA4FF /* Pods_GoldenHour.framework */ = {isa = PBXFileReference; explicitFileType = wrapper.framework; includeInIndex = 0; path = Pods_GoldenHour.framework; sourceTree = BUILT_PRODUCTS_DIR; };
		18180EAE21DCE85000A52AC2 /* GoldenHour.app */ = {isa = PBXFileReference; explicitFileType = wrapper.application; includeInIndex = 0; path = GoldenHour.app; sourceTree = BUILT_PRODUCTS_DIR; };
		18180EB121DCE85000A52AC2 /* AppDelegate.swift */ = {isa = PBXFileReference; lastKnownFileType = sourcecode.swift; path = AppDelegate.swift; sourceTree = "<group>"; };
		18180EB321DCE85000A52AC2 /* ViewController.swift */ = {isa = PBXFileReference; lastKnownFileType = sourcecode.swift; path = ViewController.swift; sourceTree = "<group>"; };
		18180EB621DCE85000A52AC2 /* Base */ = {isa = PBXFileReference; lastKnownFileType = file.storyboard; name = Base; path = Base.lproj/Main.storyboard; sourceTree = "<group>"; };
		18180EB821DCE85100A52AC2 /* Assets.xcassets */ = {isa = PBXFileReference; lastKnownFileType = folder.assetcatalog; path = Assets.xcassets; sourceTree = "<group>"; };
		18180EBB21DCE85100A52AC2 /* Base */ = {isa = PBXFileReference; lastKnownFileType = file.storyboard; name = Base; path = Base.lproj/LaunchScreen.storyboard; sourceTree = "<group>"; };
		18180EBD21DCE85100A52AC2 /* Info.plist */ = {isa = PBXFileReference; lastKnownFileType = text.plist.xml; path = Info.plist; sourceTree = "<group>"; };
		1818B1E921E0EB0B006E1B39 /* LoginViewController.swift */ = {isa = PBXFileReference; lastKnownFileType = sourcecode.swift; path = LoginViewController.swift; sourceTree = "<group>"; };
		1818B1ED21E0EDB2006E1B39 /* DayPosterBlackNF.ttf */ = {isa = PBXFileReference; lastKnownFileType = file; path = DayPosterBlackNF.ttf; sourceTree = "<group>"; };
		1818B1EF21E0F903006E1B39 /* RegisterViewController.swift */ = {isa = PBXFileReference; lastKnownFileType = sourcecode.swift; path = RegisterViewController.swift; sourceTree = "<group>"; };
		1818B1F321E1079D006E1B39 /* WallTableViewController.swift */ = {isa = PBXFileReference; lastKnownFileType = sourcecode.swift; path = WallTableViewController.swift; sourceTree = "<group>"; };
		181DB11121E5E42200E01FDA /* PickerViewController.swift */ = {isa = PBXFileReference; lastKnownFileType = sourcecode.swift; path = PickerViewController.swift; sourceTree = "<group>"; };
		18393D0321E7BB310031384B /* AddPostInfoViewController.swift */ = {isa = PBXFileReference; lastKnownFileType = sourcecode.swift; path = AddPostInfoViewController.swift; sourceTree = "<group>"; };
		18393D0521E7BDCF0031384B /* GoldenHour.entitlements */ = {isa = PBXFileReference; lastKnownFileType = text.plist.entitlements; path = GoldenHour.entitlements; sourceTree = "<group>"; };
		18393D0A21E7D0F60031384B /* Protocols.swift */ = {isa = PBXFileReference; lastKnownFileType = sourcecode.swift; path = Protocols.swift; sourceTree = "<group>"; };
		18393D0C21E8FD9B0031384B /* RanksAndComViewController.swift */ = {isa = PBXFileReference; lastKnownFileType = sourcecode.swift; path = RanksAndComViewController.swift; sourceTree = "<group>"; };
		184DF82421E9E2FF00118DE0 /* MyProfileViewController.swift */ = {isa = PBXFileReference; lastKnownFileType = sourcecode.swift; path = MyProfileViewController.swift; sourceTree = "<group>"; };
		184DF82621E9E42C00118DE0 /* PostCollectionViewCell.swift */ = {isa = PBXFileReference; lastKnownFileType = sourcecode.swift; path = PostCollectionViewCell.swift; sourceTree = "<group>"; };
		1855CD7621E63EB50055FA4A /* pfennigbolditalic-webfont.ttf */ = {isa = PBXFileReference; lastKnownFileType = file; path = "pfennigbolditalic-webfont.ttf"; sourceTree = "<group>"; };
		1855CD7721E63EB50055FA4A /* pfennigitalic-webfont.ttf */ = {isa = PBXFileReference; lastKnownFileType = file; path = "pfennigitalic-webfont.ttf"; sourceTree = "<group>"; };
		1855CD7821E63EB50055FA4A /* pfennig-webfont.ttf */ = {isa = PBXFileReference; lastKnownFileType = file; path = "pfennig-webfont.ttf"; sourceTree = "<group>"; };
		1855CD7921E63EB50055FA4A /* pfennigbold-webfont.ttf */ = {isa = PBXFileReference; lastKnownFileType = file; path = "pfennigbold-webfont.ttf"; sourceTree = "<group>"; };
		18AC333922357EFB0059C4F6 /* EditProfileViewController.swift */ = {isa = PBXFileReference; lastKnownFileType = sourcecode.swift; path = EditProfileViewController.swift; sourceTree = "<group>"; };
		18BD98AF2236D7E100250EB8 /* SearchViewController.swift */ = {isa = PBXFileReference; lastKnownFileType = sourcecode.swift; path = SearchViewController.swift; sourceTree = "<group>"; };
		18BD98B12236DAA800250EB8 /* SearchTableViewCell.swift */ = {isa = PBXFileReference; lastKnownFileType = sourcecode.swift; path = SearchTableViewCell.swift; sourceTree = "<group>"; };
		18BD98B32236DE2300250EB8 /* searchTypeCollectionViewCell.swift */ = {isa = PBXFileReference; lastKnownFileType = sourcecode.swift; path = searchTypeCollectionViewCell.swift; sourceTree = "<group>"; };
		18CE848721E33DE000B9BA55 /* UploadViewController.swift */ = {isa = PBXFileReference; lastKnownFileType = sourcecode.swift; path = UploadViewController.swift; sourceTree = "<group>"; };
		18CE848921E3994200B9BA55 /* GoogleService-Info.plist */ = {isa = PBXFileReference; fileEncoding = 4; lastKnownFileType = text.plist.xml; path = "GoogleService-Info.plist"; sourceTree = "<group>"; };
		18CE848B21E39EA300B9BA55 /* Model.swift */ = {isa = PBXFileReference; lastKnownFileType = sourcecode.swift; path = Model.swift; sourceTree = "<group>"; };
		18CE848E21E3AA0800B9BA55 /* SimpleAlert.swift */ = {isa = PBXFileReference; lastKnownFileType = sourcecode.swift; path = SimpleAlert.swift; sourceTree = "<group>"; };
		18CE849021E3C22F00B9BA55 /* Permissions.swift */ = {isa = PBXFileReference; lastKnownFileType = sourcecode.swift; path = Permissions.swift; sourceTree = "<group>"; };
		18CE849221E3C37E00B9BA55 /* PhotosStaticData.swift */ = {isa = PBXFileReference; lastKnownFileType = sourcecode.swift; path = PhotosStaticData.swift; sourceTree = "<group>"; };
		18CE849421E3E3F300B9BA55 /* Utility.swift */ = {isa = PBXFileReference; lastKnownFileType = sourcecode.swift; path = Utility.swift; sourceTree = "<group>"; };
		18EC36FF21E5020700709CFF /* WallTableViewCell.swift */ = {isa = PBXFileReference; lastKnownFileType = sourcecode.swift; path = WallTableViewCell.swift; sourceTree = "<group>"; };
		18EC370121E509CC00709CFF /* CommentsTableViewCell.swift */ = {isa = PBXFileReference; lastKnownFileType = sourcecode.swift; path = CommentsTableViewCell.swift; sourceTree = "<group>"; };
		18EC370321E51D1400709CFF /* FullScreenImageViewController.swift */ = {isa = PBXFileReference; lastKnownFileType = sourcecode.swift; path = FullScreenImageViewController.swift; sourceTree = "<group>"; };
		3E7687D45DF2DE52D2CA8B77 /* Pods-GoldenHour.debug.xcconfig */ = {isa = PBXFileReference; includeInIndex = 1; lastKnownFileType = text.xcconfig; name = "Pods-GoldenHour.debug.xcconfig"; path = "Pods/Target Support Files/Pods-GoldenHour/Pods-GoldenHour.debug.xcconfig"; sourceTree = "<group>"; };
		A821CF8821EA987900308AA3 /* CacheHandler.swift */ = {isa = PBXFileReference; lastKnownFileType = sourcecode.swift; path = CacheHandler.swift; sourceTree = "<group>"; };
		A821CF8A21EA9DF800308AA3 /* CacheFactory.swift */ = {isa = PBXFileReference; lastKnownFileType = sourcecode.swift; path = CacheFactory.swift; sourceTree = "<group>"; };
		A821CF8C21ECCA5B00308AA3 /* UserCache.swift */ = {isa = PBXFileReference; lastKnownFileType = sourcecode.swift; path = UserCache.swift; sourceTree = "<group>"; };
		A821CF8E21ECCAB100308AA3 /* PostCache.swift */ = {isa = PBXFileReference; lastKnownFileType = sourcecode.swift; path = PostCache.swift; sourceTree = "<group>"; };
		A824166021DD204900131C0E /* User.swift */ = {isa = PBXFileReference; lastKnownFileType = sourcecode.swift; path = User.swift; sourceTree = "<group>"; };
		A824166321DD4C4500131C0E /* Post.swift */ = {isa = PBXFileReference; lastKnownFileType = sourcecode.swift; path = Post.swift; sourceTree = "<group>"; };
		A824166521DD4DF700131C0E /* Comment.swift */ = {isa = PBXFileReference; lastKnownFileType = sourcecode.swift; path = Comment.swift; sourceTree = "<group>"; };
		A824166721DD746000131C0E /* Like.swift */ = {isa = PBXFileReference; lastKnownFileType = sourcecode.swift; path = Like.swift; sourceTree = "<group>"; };
		A824166921DE692C00131C0E /* Metadata.swift */ = {isa = PBXFileReference; lastKnownFileType = sourcecode.swift; path = Metadata.swift; sourceTree = "<group>"; };
		A8C7F8942211C429000E832B /* GoldenHour-Bridging-Header.h */ = {isa = PBXFileReference; lastKnownFileType = sourcecode.c.h; path = "GoldenHour-Bridging-Header.h"; sourceTree = "<group>"; };
		A8D84D3421E222A600A245A1 /* ModelSql.swift */ = {isa = PBXFileReference; lastKnownFileType = sourcecode.swift; path = ModelSql.swift; sourceTree = "<group>"; };
		A8FA9FA421E1FCF8008482B6 /* ModelFirebase.swift */ = {isa = PBXFileReference; lastKnownFileType = sourcecode.swift; path = ModelFirebase.swift; sourceTree = "<group>"; };
		F9DF6EC3A8DB373276CF378E /* Pods-GoldenHour.release.xcconfig */ = {isa = PBXFileReference; includeInIndex = 1; lastKnownFileType = text.xcconfig; name = "Pods-GoldenHour.release.xcconfig"; path = "Pods/Target Support Files/Pods-GoldenHour/Pods-GoldenHour.release.xcconfig"; sourceTree = "<group>"; };
/* End PBXFileReference section */

/* Begin PBXFrameworksBuildPhase section */
		18180EAB21DCE85000A52AC2 /* Frameworks */ = {
			isa = PBXFrameworksBuildPhase;
			buildActionMask = 2147483647;
			files = (
				9DF3D323B19DBD44E6EB2F0E /* Pods_GoldenHour.framework in Frameworks */,
			);
			runOnlyForDeploymentPostprocessing = 0;
		};
/* End PBXFrameworksBuildPhase section */

/* Begin PBXGroup section */
		18180EA521DCE85000A52AC2 = {
			isa = PBXGroup;
			children = (
				18180EB021DCE85000A52AC2 /* GoldenHour */,
				18180EAF21DCE85000A52AC2 /* Products */,
				26E8EF416DFFC926523F9E2A /* Pods */,
				C862D9BD31D7DB8DBB831DBD /* Frameworks */,
			);
			sourceTree = "<group>";
		};
		18180EAF21DCE85000A52AC2 /* Products */ = {
			isa = PBXGroup;
			children = (
				18180EAE21DCE85000A52AC2 /* GoldenHour.app */,
			);
			name = Products;
			sourceTree = "<group>";
		};
		18180EB021DCE85000A52AC2 /* GoldenHour */ = {
			isa = PBXGroup;
			children = (
				A8C7F8942211C429000E832B /* GoldenHour-Bridging-Header.h */,
				18393D0921E7D0E80031384B /* Protocols */,
				18393D0521E7BDCF0031384B /* GoldenHour.entitlements */,
				18CE848D21E3A9EC00B9BA55 /* Views */,
				1818B1EC21E0ED8B006E1B39 /* fonts */,
				A824166221DD20D400131C0E /* Model */,
				18180EB121DCE85000A52AC2 /* AppDelegate.swift */,
				1818B1EB21E0EB19006E1B39 /* ViewControllers */,
				18180EB521DCE85000A52AC2 /* Main.storyboard */,
				18180EB821DCE85100A52AC2 /* Assets.xcassets */,
				18180EBA21DCE85100A52AC2 /* LaunchScreen.storyboard */,
				18CE848921E3994200B9BA55 /* GoogleService-Info.plist */,
				18180EBD21DCE85100A52AC2 /* Info.plist */,
			);
			path = GoldenHour;
			sourceTree = "<group>";
		};
		1818B1EB21E0EB19006E1B39 /* ViewControllers */ = {
			isa = PBXGroup;
			children = (
				18180EB321DCE85000A52AC2 /* ViewController.swift */,
				1818B1E921E0EB0B006E1B39 /* LoginViewController.swift */,
				1818B1EF21E0F903006E1B39 /* RegisterViewController.swift */,
				1818B1F321E1079D006E1B39 /* WallTableViewController.swift */,
				18CE848721E33DE000B9BA55 /* UploadViewController.swift */,
				18EC370321E51D1400709CFF /* FullScreenImageViewController.swift */,
				181DB11121E5E42200E01FDA /* PickerViewController.swift */,
				18393D0321E7BB310031384B /* AddPostInfoViewController.swift */,
				18393D0C21E8FD9B0031384B /* RanksAndComViewController.swift */,
				184DF82421E9E2FF00118DE0 /* MyProfileViewController.swift */,
				18AC333922357EFB0059C4F6 /* EditProfileViewController.swift */,
				18BD98AF2236D7E100250EB8 /* SearchViewController.swift */,
			);
			path = ViewControllers;
			sourceTree = "<group>";
		};
		1818B1EC21E0ED8B006E1B39 /* fonts */ = {
			isa = PBXGroup;
			children = (
				1855CD7821E63EB50055FA4A /* pfennig-webfont.ttf */,
				1855CD7921E63EB50055FA4A /* pfennigbold-webfont.ttf */,
				1855CD7621E63EB50055FA4A /* pfennigbolditalic-webfont.ttf */,
				1855CD7721E63EB50055FA4A /* pfennigitalic-webfont.ttf */,
				1818B1ED21E0EDB2006E1B39 /* DayPosterBlackNF.ttf */,
			);
			path = fonts;
			sourceTree = "<group>";
		};
		18393D0921E7D0E80031384B /* Protocols */ = {
			isa = PBXGroup;
			children = (
				18393D0A21E7D0F60031384B /* Protocols.swift */,
			);
			path = Protocols;
			sourceTree = "<group>";
		};
		18CE848D21E3A9EC00B9BA55 /* Views */ = {
			isa = PBXGroup;
			children = (
				18CE848E21E3AA0800B9BA55 /* SimpleAlert.swift */,
				18EC36FF21E5020700709CFF /* WallTableViewCell.swift */,
				18EC370121E509CC00709CFF /* CommentsTableViewCell.swift */,
				184DF82621E9E42C00118DE0 /* PostCollectionViewCell.swift */,
				18BD98B12236DAA800250EB8 /* SearchTableViewCell.swift */,
				18BD98B32236DE2300250EB8 /* searchTypeCollectionViewCell.swift */,
			);
			path = Views;
			sourceTree = "<group>";
		};
		26E8EF416DFFC926523F9E2A /* Pods */ = {
			isa = PBXGroup;
			children = (
				3E7687D45DF2DE52D2CA8B77 /* Pods-GoldenHour.debug.xcconfig */,
				F9DF6EC3A8DB373276CF378E /* Pods-GoldenHour.release.xcconfig */,
			);
			name = Pods;
			sourceTree = "<group>";
		};
		A824166221DD20D400131C0E /* Model */ = {
			isa = PBXGroup;
			children = (
				A824166021DD204900131C0E /* User.swift */,
				A824166321DD4C4500131C0E /* Post.swift */,
				A824166521DD4DF700131C0E /* Comment.swift */,
				A824166721DD746000131C0E /* Like.swift */,
				A824166921DE692C00131C0E /* Metadata.swift */,
				18CE849021E3C22F00B9BA55 /* Permissions.swift */,
				18CE849221E3C37E00B9BA55 /* PhotosStaticData.swift */,
				18CE849421E3E3F300B9BA55 /* Utility.swift */,
				A8FA9FA421E1FCF8008482B6 /* ModelFirebase.swift */,
				A8D84D3421E222A600A245A1 /* ModelSql.swift */,
				18CE848B21E39EA300B9BA55 /* Model.swift */,
				A821CF8821EA987900308AA3 /* CacheHandler.swift */,
				A821CF8A21EA9DF800308AA3 /* CacheFactory.swift */,
				A821CF8C21ECCA5B00308AA3 /* UserCache.swift */,
				A821CF8E21ECCAB100308AA3 /* PostCache.swift */,
			);
			path = Model;
			sourceTree = "<group>";
		};
		C862D9BD31D7DB8DBB831DBD /* Frameworks */ = {
			isa = PBXGroup;
			children = (
				169D2262327799BD2CDAA4FF /* Pods_GoldenHour.framework */,
			);
			name = Frameworks;
			sourceTree = "<group>";
		};
/* End PBXGroup section */

/* Begin PBXNativeTarget section */
		18180EAD21DCE85000A52AC2 /* GoldenHour */ = {
			isa = PBXNativeTarget;
			buildConfigurationList = 18180EC021DCE85100A52AC2 /* Build configuration list for PBXNativeTarget "GoldenHour" */;
			buildPhases = (
				783C06143BA0D457923341E7 /* [CP] Check Pods Manifest.lock */,
				18180EAA21DCE85000A52AC2 /* Sources */,
				18180EAB21DCE85000A52AC2 /* Frameworks */,
				18180EAC21DCE85000A52AC2 /* Resources */,
				52D706968A18B3367212A320 /* [CP] Embed Pods Frameworks */,
			);
			buildRules = (
			);
			dependencies = (
			);
			name = GoldenHour;
			productName = GoldenHour;
			productReference = 18180EAE21DCE85000A52AC2 /* GoldenHour.app */;
			productType = "com.apple.product-type.application";
		};
/* End PBXNativeTarget section */

/* Begin PBXProject section */
		18180EA621DCE85000A52AC2 /* Project object */ = {
			isa = PBXProject;
			attributes = {
				LastSwiftUpdateCheck = 1010;
				LastUpgradeCheck = 1010;
				ORGANIZATIONNAME = "Zach Bachar";
				TargetAttributes = {
					18180EAD21DCE85000A52AC2 = {
						CreatedOnToolsVersion = 10.1;
						SystemCapabilities = {
							com.apple.Keychain = {
								enabled = 1;
							};
						};
					};
				};
			};
			buildConfigurationList = 18180EA921DCE85000A52AC2 /* Build configuration list for PBXProject "GoldenHour" */;
			compatibilityVersion = "Xcode 9.3";
			developmentRegion = en;
			hasScannedForEncodings = 0;
			knownRegions = (
				en,
				Base,
			);
			mainGroup = 18180EA521DCE85000A52AC2;
			productRefGroup = 18180EAF21DCE85000A52AC2 /* Products */;
			projectDirPath = "";
			projectRoot = "";
			targets = (
				18180EAD21DCE85000A52AC2 /* GoldenHour */,
			);
		};
/* End PBXProject section */

/* Begin PBXResourcesBuildPhase section */
		18180EAC21DCE85000A52AC2 /* Resources */ = {
			isa = PBXResourcesBuildPhase;
			buildActionMask = 2147483647;
			files = (
				1855CD7C21E63EB50055FA4A /* pfennig-webfont.ttf in Resources */,
				1855CD7D21E63EB50055FA4A /* pfennigbold-webfont.ttf in Resources */,
				1818B1EE21E0EDB2006E1B39 /* DayPosterBlackNF.ttf in Resources */,
				18180EBC21DCE85100A52AC2 /* LaunchScreen.storyboard in Resources */,
				18CE848A21E3994200B9BA55 /* GoogleService-Info.plist in Resources */,
				1855CD7A21E63EB50055FA4A /* pfennigbolditalic-webfont.ttf in Resources */,
				18180EB921DCE85100A52AC2 /* Assets.xcassets in Resources */,
				18180EB721DCE85000A52AC2 /* Main.storyboard in Resources */,
				1855CD7B21E63EB50055FA4A /* pfennigitalic-webfont.ttf in Resources */,
			);
			runOnlyForDeploymentPostprocessing = 0;
		};
/* End PBXResourcesBuildPhase section */

/* Begin PBXShellScriptBuildPhase section */
		52D706968A18B3367212A320 /* [CP] Embed Pods Frameworks */ = {
			isa = PBXShellScriptBuildPhase;
			buildActionMask = 2147483647;
			files = (
			);
			inputFileListPaths = (
			);
			inputPaths = (
				"${SRCROOT}/Pods/Target Support Files/Pods-GoldenHour/Pods-GoldenHour-frameworks.sh",
				"${BUILT_PRODUCTS_DIR}/GTMSessionFetcher/GTMSessionFetcher.framework",
				"${BUILT_PRODUCTS_DIR}/GoogleUtilities/GoogleUtilities.framework",
				"${BUILT_PRODUCTS_DIR}/Kingfisher/Kingfisher.framework",
				"${BUILT_PRODUCTS_DIR}/SQLite.swift/SQLite.framework",
				"${BUILT_PRODUCTS_DIR}/SVProgressHUD/SVProgressHUD.framework",
				"${BUILT_PRODUCTS_DIR}/leveldb-library/leveldb.framework",
				"${BUILT_PRODUCTS_DIR}/nanopb/nanopb.framework",
			);
			name = "[CP] Embed Pods Frameworks";
			outputFileListPaths = (
			);
			outputPaths = (
				"${TARGET_BUILD_DIR}/${FRAMEWORKS_FOLDER_PATH}/GTMSessionFetcher.framework",
				"${TARGET_BUILD_DIR}/${FRAMEWORKS_FOLDER_PATH}/GoogleUtilities.framework",
				"${TARGET_BUILD_DIR}/${FRAMEWORKS_FOLDER_PATH}/Kingfisher.framework",
				"${TARGET_BUILD_DIR}/${FRAMEWORKS_FOLDER_PATH}/SQLite.framework",
				"${TARGET_BUILD_DIR}/${FRAMEWORKS_FOLDER_PATH}/SVProgressHUD.framework",
				"${TARGET_BUILD_DIR}/${FRAMEWORKS_FOLDER_PATH}/leveldb.framework",
				"${TARGET_BUILD_DIR}/${FRAMEWORKS_FOLDER_PATH}/nanopb.framework",
			);
			runOnlyForDeploymentPostprocessing = 0;
			shellPath = /bin/sh;
			shellScript = "\"${SRCROOT}/Pods/Target Support Files/Pods-GoldenHour/Pods-GoldenHour-frameworks.sh\"\n";
			showEnvVarsInLog = 0;
		};
		783C06143BA0D457923341E7 /* [CP] Check Pods Manifest.lock */ = {
			isa = PBXShellScriptBuildPhase;
			buildActionMask = 2147483647;
			files = (
			);
			inputFileListPaths = (
			);
			inputPaths = (
				"${PODS_PODFILE_DIR_PATH}/Podfile.lock",
				"${PODS_ROOT}/Manifest.lock",
			);
			name = "[CP] Check Pods Manifest.lock";
			outputFileListPaths = (
			);
			outputPaths = (
				"$(DERIVED_FILE_DIR)/Pods-GoldenHour-checkManifestLockResult.txt",
			);
			runOnlyForDeploymentPostprocessing = 0;
			shellPath = /bin/sh;
			shellScript = "diff \"${PODS_PODFILE_DIR_PATH}/Podfile.lock\" \"${PODS_ROOT}/Manifest.lock\" > /dev/null\nif [ $? != 0 ] ; then\n    # print error to STDERR\n    echo \"error: The sandbox is not in sync with the Podfile.lock. Run 'pod install' or update your CocoaPods installation.\" >&2\n    exit 1\nfi\n# This output is used by Xcode 'outputs' to avoid re-running this script phase.\necho \"SUCCESS\" > \"${SCRIPT_OUTPUT_FILE_0}\"\n";
			showEnvVarsInLog = 0;
		};
/* End PBXShellScriptBuildPhase section */

/* Begin PBXSourcesBuildPhase section */
		18180EAA21DCE85000A52AC2 /* Sources */ = {
			isa = PBXSourcesBuildPhase;
			buildActionMask = 2147483647;
			files = (
				184DF82521E9E2FF00118DE0 /* MyProfileViewController.swift in Sources */,
				18393D0B21E7D0F60031384B /* Protocols.swift in Sources */,
				18CE848821E33DE000B9BA55 /* UploadViewController.swift in Sources */,
				18393D0421E7BB310031384B /* AddPostInfoViewController.swift in Sources */,
				1818B1F021E0F903006E1B39 /* RegisterViewController.swift in Sources */,
				18CE849521E3E3F300B9BA55 /* Utility.swift in Sources */,
				A824166A21DE692C00131C0E /* Metadata.swift in Sources */,
				A821CF8921EA987900308AA3 /* CacheHandler.swift in Sources */,
				18CE848F21E3AA0800B9BA55 /* SimpleAlert.swift in Sources */,
				A824166821DD746000131C0E /* Like.swift in Sources */,
				A824166621DD4DF700131C0E /* Comment.swift in Sources */,
				18BD98B22236DAA800250EB8 /* SearchTableViewCell.swift in Sources */,
				18EC370221E509CC00709CFF /* CommentsTableViewCell.swift in Sources */,
				18BD98B02236D7E100250EB8 /* SearchViewController.swift in Sources */,
				18393D0D21E8FD9B0031384B /* RanksAndComViewController.swift in Sources */,
				18180EB421DCE85000A52AC2 /* ViewController.swift in Sources */,
				18CE849321E3C37E00B9BA55 /* PhotosStaticData.swift in Sources */,
				A821CF8F21ECCAB100308AA3 /* PostCache.swift in Sources */,
				18AC333A22357EFB0059C4F6 /* EditProfileViewController.swift in Sources */,
				1818B1EA21E0EB0B006E1B39 /* LoginViewController.swift in Sources */,
				A821CF8B21EA9DF800308AA3 /* CacheFactory.swift in Sources */,
				18EC370421E51D1400709CFF /* FullScreenImageViewController.swift in Sources */,
				18CE849121E3C22F00B9BA55 /* Permissions.swift in Sources */,
				A821CF8D21ECCA5B00308AA3 /* UserCache.swift in Sources */,
				18CE848C21E39EA300B9BA55 /* Model.swift in Sources */,
				18EC370021E5020700709CFF /* WallTableViewCell.swift in Sources */,
				18180EB221DCE85000A52AC2 /* AppDelegate.swift in Sources */,
				A8FA9FA521E1FCF8008482B6 /* ModelFirebase.swift in Sources */,
				1818B1F421E1079D006E1B39 /* WallTableViewController.swift in Sources */,
				18BD98B42236DE2300250EB8 /* searchTypeCollectionViewCell.swift in Sources */,
				181DB11221E5E42200E01FDA /* PickerViewController.swift in Sources */,
				A824166121DD204900131C0E /* User.swift in Sources */,
				A8D84D3521E222A600A245A1 /* ModelSql.swift in Sources */,
				A824166421DD4C4500131C0E /* Post.swift in Sources */,
				184DF82721E9E42C00118DE0 /* PostCollectionViewCell.swift in Sources */,
			);
			runOnlyForDeploymentPostprocessing = 0;
		};
/* End PBXSourcesBuildPhase section */

/* Begin PBXVariantGroup section */
		18180EB521DCE85000A52AC2 /* Main.storyboard */ = {
			isa = PBXVariantGroup;
			children = (
				18180EB621DCE85000A52AC2 /* Base */,
			);
			name = Main.storyboard;
			sourceTree = "<group>";
		};
		18180EBA21DCE85100A52AC2 /* LaunchScreen.storyboard */ = {
			isa = PBXVariantGroup;
			children = (
				18180EBB21DCE85100A52AC2 /* Base */,
			);
			name = LaunchScreen.storyboard;
			sourceTree = "<group>";
		};
/* End PBXVariantGroup section */

/* Begin XCBuildConfiguration section */
		18180EBE21DCE85100A52AC2 /* Debug */ = {
			isa = XCBuildConfiguration;
			buildSettings = {
				ALWAYS_SEARCH_USER_PATHS = NO;
				CLANG_ANALYZER_NONNULL = YES;
				CLANG_ANALYZER_NUMBER_OBJECT_CONVERSION = YES_AGGRESSIVE;
				CLANG_CXX_LANGUAGE_STANDARD = "gnu++14";
				CLANG_CXX_LIBRARY = "libc++";
				CLANG_ENABLE_MODULES = YES;
				CLANG_ENABLE_OBJC_ARC = YES;
				CLANG_ENABLE_OBJC_WEAK = YES;
				CLANG_WARN_BLOCK_CAPTURE_AUTORELEASING = YES;
				CLANG_WARN_BOOL_CONVERSION = YES;
				CLANG_WARN_COMMA = YES;
				CLANG_WARN_CONSTANT_CONVERSION = YES;
				CLANG_WARN_DEPRECATED_OBJC_IMPLEMENTATIONS = YES;
				CLANG_WARN_DIRECT_OBJC_ISA_USAGE = YES_ERROR;
				CLANG_WARN_DOCUMENTATION_COMMENTS = YES;
				CLANG_WARN_EMPTY_BODY = YES;
				CLANG_WARN_ENUM_CONVERSION = YES;
				CLANG_WARN_INFINITE_RECURSION = YES;
				CLANG_WARN_INT_CONVERSION = YES;
				CLANG_WARN_NON_LITERAL_NULL_CONVERSION = YES;
				CLANG_WARN_OBJC_IMPLICIT_RETAIN_SELF = YES;
				CLANG_WARN_OBJC_LITERAL_CONVERSION = YES;
				CLANG_WARN_OBJC_ROOT_CLASS = YES_ERROR;
				CLANG_WARN_RANGE_LOOP_ANALYSIS = YES;
				CLANG_WARN_STRICT_PROTOTYPES = YES;
				CLANG_WARN_SUSPICIOUS_MOVE = YES;
				CLANG_WARN_UNGUARDED_AVAILABILITY = YES_AGGRESSIVE;
				CLANG_WARN_UNREACHABLE_CODE = YES;
				CLANG_WARN__DUPLICATE_METHOD_MATCH = YES;
				CODE_SIGN_IDENTITY = "iPhone Developer";
				COPY_PHASE_STRIP = NO;
				DEBUG_INFORMATION_FORMAT = dwarf;
				ENABLE_STRICT_OBJC_MSGSEND = YES;
				ENABLE_TESTABILITY = YES;
				GCC_C_LANGUAGE_STANDARD = gnu11;
				GCC_DYNAMIC_NO_PIC = NO;
				GCC_NO_COMMON_BLOCKS = YES;
				GCC_OPTIMIZATION_LEVEL = 0;
				GCC_PREPROCESSOR_DEFINITIONS = (
					"DEBUG=1",
					"$(inherited)",
				);
				GCC_WARN_64_TO_32_BIT_CONVERSION = YES;
				GCC_WARN_ABOUT_RETURN_TYPE = YES_ERROR;
				GCC_WARN_UNDECLARED_SELECTOR = YES;
				GCC_WARN_UNINITIALIZED_AUTOS = YES_AGGRESSIVE;
				GCC_WARN_UNUSED_FUNCTION = YES;
				GCC_WARN_UNUSED_VARIABLE = YES;
				IPHONEOS_DEPLOYMENT_TARGET = 12.1;
				MTL_ENABLE_DEBUG_INFO = INCLUDE_SOURCE;
				MTL_FAST_MATH = YES;
				ONLY_ACTIVE_ARCH = YES;
				SDKROOT = iphoneos;
				SWIFT_ACTIVE_COMPILATION_CONDITIONS = DEBUG;
				SWIFT_OPTIMIZATION_LEVEL = "-Onone";
			};
			name = Debug;
		};
		18180EBF21DCE85100A52AC2 /* Release */ = {
			isa = XCBuildConfiguration;
			buildSettings = {
				ALWAYS_SEARCH_USER_PATHS = NO;
				CLANG_ANALYZER_NONNULL = YES;
				CLANG_ANALYZER_NUMBER_OBJECT_CONVERSION = YES_AGGRESSIVE;
				CLANG_CXX_LANGUAGE_STANDARD = "gnu++14";
				CLANG_CXX_LIBRARY = "libc++";
				CLANG_ENABLE_MODULES = YES;
				CLANG_ENABLE_OBJC_ARC = YES;
				CLANG_ENABLE_OBJC_WEAK = YES;
				CLANG_WARN_BLOCK_CAPTURE_AUTORELEASING = YES;
				CLANG_WARN_BOOL_CONVERSION = YES;
				CLANG_WARN_COMMA = YES;
				CLANG_WARN_CONSTANT_CONVERSION = YES;
				CLANG_WARN_DEPRECATED_OBJC_IMPLEMENTATIONS = YES;
				CLANG_WARN_DIRECT_OBJC_ISA_USAGE = YES_ERROR;
				CLANG_WARN_DOCUMENTATION_COMMENTS = YES;
				CLANG_WARN_EMPTY_BODY = YES;
				CLANG_WARN_ENUM_CONVERSION = YES;
				CLANG_WARN_INFINITE_RECURSION = YES;
				CLANG_WARN_INT_CONVERSION = YES;
				CLANG_WARN_NON_LITERAL_NULL_CONVERSION = YES;
				CLANG_WARN_OBJC_IMPLICIT_RETAIN_SELF = YES;
				CLANG_WARN_OBJC_LITERAL_CONVERSION = YES;
				CLANG_WARN_OBJC_ROOT_CLASS = YES_ERROR;
				CLANG_WARN_RANGE_LOOP_ANALYSIS = YES;
				CLANG_WARN_STRICT_PROTOTYPES = YES;
				CLANG_WARN_SUSPICIOUS_MOVE = YES;
				CLANG_WARN_UNGUARDED_AVAILABILITY = YES_AGGRESSIVE;
				CLANG_WARN_UNREACHABLE_CODE = YES;
				CLANG_WARN__DUPLICATE_METHOD_MATCH = YES;
				CODE_SIGN_IDENTITY = "iPhone Developer";
				COPY_PHASE_STRIP = NO;
				DEBUG_INFORMATION_FORMAT = "dwarf-with-dsym";
				ENABLE_NS_ASSERTIONS = NO;
				ENABLE_STRICT_OBJC_MSGSEND = YES;
				GCC_C_LANGUAGE_STANDARD = gnu11;
				GCC_NO_COMMON_BLOCKS = YES;
				GCC_WARN_64_TO_32_BIT_CONVERSION = YES;
				GCC_WARN_ABOUT_RETURN_TYPE = YES_ERROR;
				GCC_WARN_UNDECLARED_SELECTOR = YES;
				GCC_WARN_UNINITIALIZED_AUTOS = YES_AGGRESSIVE;
				GCC_WARN_UNUSED_FUNCTION = YES;
				GCC_WARN_UNUSED_VARIABLE = YES;
				IPHONEOS_DEPLOYMENT_TARGET = 12.1;
				MTL_ENABLE_DEBUG_INFO = NO;
				MTL_FAST_MATH = YES;
				SDKROOT = iphoneos;
				SWIFT_COMPILATION_MODE = wholemodule;
				SWIFT_OPTIMIZATION_LEVEL = "-O";
				VALIDATE_PRODUCT = YES;
			};
			name = Release;
		};
		18180EC121DCE85100A52AC2 /* Debug */ = {
			isa = XCBuildConfiguration;
			baseConfigurationReference = 3E7687D45DF2DE52D2CA8B77 /* Pods-GoldenHour.debug.xcconfig */;
			buildSettings = {
				ASSETCATALOG_COMPILER_APPICON_NAME = AppIcon;
				CODE_SIGN_ENTITLEMENTS = GoldenHour/GoldenHour.entitlements;
				CODE_SIGN_STYLE = Automatic;
				DEVELOPMENT_TEAM = YKNQ4Y4FEY;
				INFOPLIST_FILE = GoldenHour/Info.plist;
				LD_RUNPATH_SEARCH_PATHS = (
					"$(inherited)",
					"@executable_path/Frameworks",
				);
				PRODUCT_BUNDLE_IDENTIFIER = zachbachar.GoldenHour;
				PRODUCT_NAME = "$(TARGET_NAME)";
				SWIFT_VERSION = 4.2;
				TARGETED_DEVICE_FAMILY = "1,2";
			};
			name = Debug;
		};
		18180EC221DCE85100A52AC2 /* Release */ = {
			isa = XCBuildConfiguration;
			baseConfigurationReference = F9DF6EC3A8DB373276CF378E /* Pods-GoldenHour.release.xcconfig */;
			buildSettings = {
				ASSETCATALOG_COMPILER_APPICON_NAME = AppIcon;
				CODE_SIGN_ENTITLEMENTS = GoldenHour/GoldenHour.entitlements;
				CODE_SIGN_STYLE = Automatic;
				DEVELOPMENT_TEAM = YKNQ4Y4FEY;
				INFOPLIST_FILE = GoldenHour/Info.plist;
				LD_RUNPATH_SEARCH_PATHS = (
					"$(inherited)",
					"@executable_path/Frameworks",
				);
				PRODUCT_BUNDLE_IDENTIFIER = zachbachar.GoldenHour;
				PRODUCT_NAME = "$(TARGET_NAME)";
				SWIFT_VERSION = 4.2;
				TARGETED_DEVICE_FAMILY = "1,2";
			};
			name = Release;
		};
/* End XCBuildConfiguration section */

/* Begin XCConfigurationList section */
		18180EA921DCE85000A52AC2 /* Build configuration list for PBXProject "GoldenHour" */ = {
			isa = XCConfigurationList;
			buildConfigurations = (
				18180EBE21DCE85100A52AC2 /* Debug */,
				18180EBF21DCE85100A52AC2 /* Release */,
			);
			defaultConfigurationIsVisible = 0;
			defaultConfigurationName = Release;
		};
		18180EC021DCE85100A52AC2 /* Build configuration list for PBXNativeTarget "GoldenHour" */ = {
			isa = XCConfigurationList;
			buildConfigurations = (
				18180EC121DCE85100A52AC2 /* Debug */,
				18180EC221DCE85100A52AC2 /* Release */,
			);
			defaultConfigurationIsVisible = 0;
			defaultConfigurationName = Release;
		};
/* End XCConfigurationList section */
	};
	rootObject = 18180EA621DCE85000A52AC2 /* Project object */;
}
